
Microsoft Visual Studio Solution File, Format Version 12.00
# Visual Studio Version 17
VisualStudioVersion = 17.1.32414.318
MinimumVisualStudioVersion = 10.0.40219.1
Project("{9A19103F-16F7-4668-BE54-9A1E7A4F7556}") = "IndianStatesCensusAnalyser", "IndianStatesCensusAnalyser\IndianStatesCensusAnalyser.csproj", "{1F528CBD-B4F1-407E-8E42-BC214EA35DF0}"
EndProject
Project("{FAE04EC0-301F-11D3-BF4B-00C04F79EFBC}") = "CensusAnalyserTest", "CensusAnalyserTest\CensusAnalyserTest.csproj", "{C67DFE74-FEFB-4959-BBEE-95538BD2E482}"
EndProject
Global
	GlobalSection(SolutionConfigurationPlatforms) = preSolution
		Debug|Any CPU = Debug|Any CPU
		Release|Any CPU = Release|Any CPU
	EndGlobalSection
	GlobalSection(ProjectConfigurationPlatforms) = postSolution
		{1F528CBD-B4F1-407E-8E42-BC214EA35DF0}.Debug|Any CPU.ActiveCfg = Debug|Any CPU
		{1F528CBD-B4F1-407E-8E42-BC214EA35DF0}.Debug|Any CPU.Build.0 = Debug|Any CPU
		{1F528CBD-B4F1-407E-8E42-BC214EA35DF0}.Release|Any CPU.ActiveCfg = Release|Any CPU
		{1F528CBD-B4F1-407E-8E42-BC214EA35DF0}.Release|Any CPU.Build.0 = Release|Any CPU
		{C67DFE74-FEFB-4959-BBEE-95538BD2E482}.Debug|Any CPU.ActiveCfg = Debug|Any CPU
		{C67DFE74-FEFB-4959-BBEE-95538BD2E482}.Debug|Any CPU.Build.0 = Debug|Any CPU
		{C67DFE74-FEFB-4959-BBEE-95538BD2E482}.Release|Any CPU.ActiveCfg = Release|Any CPU
		{C67DFE74-FEFB-4959-BBEE-95538BD2E482}.Release|Any CPU.Build.0 = Release|Any CPU
	EndGlobalSection
	GlobalSection(SolutionProperties) = preSolution
		HideSolutionNode = FALSE
	EndGlobalSection
	GlobalSection(ExtensibilityGlobals) = postSolution
		SolutionGuid = {0ADB484A-7B5D-4C48-BA19-1102FAECD8E6}
	EndGlobalSection
EndGlobal
